
Microsoft Visual Studio Solution File, Format Version 12.00
# Visual Studio Version 16
VisualStudioVersion = 16.0.30621.155
MinimumVisualStudioVersion = 10.0.40219.1
Project("{8BC9CEB8-8B4A-11D0-8D11-00A0C91BC942}") = "DD_project_9F", "DD_project_9F\DD_project_9F.vcxproj", "{46526998-17CE-48E1-A307-F2E231CDA54F}"
EndProject
Global
	GlobalSection(SolutionConfigurationPlatforms) = preSolution
		Debug|x64 = Debug|x64
		Debug|x86 = Debug|x86
		Release|x64 = Release|x64
		Release|x86 = Release|x86
	EndGlobalSection
	GlobalSection(ProjectConfigurationPlatforms) = postSolution
		{46526998-17CE-48E1-A307-F2E231CDA54F}.Debug|x64.ActiveCfg = Debug|x64
		{46526998-17CE-48E1-A307-F2E231CDA54F}.Debug|x64.Build.0 = Debug|x64
		{46526998-17CE-48E1-A307-F2E231CDA54F}.Debug|x86.ActiveCfg = Debug|Win32
		{46526998-17CE-48E1-A307-F2E231CDA54F}.Debug|x86.Build.0 = Debug|Win32
		{46526998-17CE-48E1-A307-F2E231CDA54F}.Release|x64.ActiveCfg = Release|x64
		{46526998-17CE-48E1-A307-F2E231CDA54F}.Release|x64.Build.0 = Release|x64
		{46526998-17CE-48E1-A307-F2E231CDA54F}.Release|x86.ActiveCfg = Release|Win32
		{46526998-17CE-48E1-A307-F2E231CDA54F}.Release|x86.Build.0 = Release|Win32
	EndGlobalSection
	GlobalSection(SolutionProperties) = preSolution
		HideSolutionNode = FALSE
	EndGlobalSection
	GlobalSection(ExtensibilityGlobals) = postSolution
		SolutionGuid = {AC0BA0CF-53D1-45C3-8560-CD98524821A7}
	EndGlobalSection
EndGlobal
