
Microsoft Visual Studio Solution File, Format Version 12.00
# Visual Studio Version 16
VisualStudioVersion = 16.0.29215.179
MinimumVisualStudioVersion = 10.0.40219.1
Project("{8BC9CEB8-8B4A-11D0-8D11-00A0C91BC942}") = "DD_project_2.3.4", "DD_project_2.3.4\DD_project_2.3.4.vcxproj", "{C13C0ED7-41D8-4405-A183-F1AF3AEECBE5}"
EndProject
Global
	GlobalSection(SolutionConfigurationPlatforms) = preSolution
		Debug|x64 = Debug|x64
		Debug|x86 = Debug|x86
		Release|x64 = Release|x64
		Release|x86 = Release|x86
	EndGlobalSection
	GlobalSection(ProjectConfigurationPlatforms) = postSolution
		{C13C0ED7-41D8-4405-A183-F1AF3AEECBE5}.Debug|x64.ActiveCfg = Debug|x64
		{C13C0ED7-41D8-4405-A183-F1AF3AEECBE5}.Debug|x64.Build.0 = Debug|x64
		{C13C0ED7-41D8-4405-A183-F1AF3AEECBE5}.Debug|x86.ActiveCfg = Debug|Win32
		{C13C0ED7-41D8-4405-A183-F1AF3AEECBE5}.Debug|x86.Build.0 = Debug|Win32
		{C13C0ED7-41D8-4405-A183-F1AF3AEECBE5}.Release|x64.ActiveCfg = Release|x64
		{C13C0ED7-41D8-4405-A183-F1AF3AEECBE5}.Release|x64.Build.0 = Release|x64
		{C13C0ED7-41D8-4405-A183-F1AF3AEECBE5}.Release|x86.ActiveCfg = Release|Win32
		{C13C0ED7-41D8-4405-A183-F1AF3AEECBE5}.Release|x86.Build.0 = Release|Win32
	EndGlobalSection
	GlobalSection(SolutionProperties) = preSolution
		HideSolutionNode = FALSE
	EndGlobalSection
	GlobalSection(ExtensibilityGlobals) = postSolution
		SolutionGuid = {09EBB0FD-DA3C-4B44-8236-4E51AD3042B0}
	EndGlobalSection
EndGlobal
