
Microsoft Visual Studio Solution File, Format Version 12.00
# Visual Studio Version 16
VisualStudioVersion = 16.0.30517.126
MinimumVisualStudioVersion = 10.0.40219.1
Project("{8BC9CEB8-8B4A-11D0-8D11-00A0C91BC942}") = "DD_projects_4.2b.3", "DD_projects_4.2b.3\DD_projects_4.2b.3.vcxproj", "{08994039-D556-4FC1-8AC1-1BB9AF9D199F}"
EndProject
Global
	GlobalSection(SolutionConfigurationPlatforms) = preSolution
		Debug|x64 = Debug|x64
		Debug|x86 = Debug|x86
		Release|x64 = Release|x64
		Release|x86 = Release|x86
	EndGlobalSection
	GlobalSection(ProjectConfigurationPlatforms) = postSolution
		{08994039-D556-4FC1-8AC1-1BB9AF9D199F}.Debug|x64.ActiveCfg = Debug|x64
		{08994039-D556-4FC1-8AC1-1BB9AF9D199F}.Debug|x64.Build.0 = Debug|x64
		{08994039-D556-4FC1-8AC1-1BB9AF9D199F}.Debug|x86.ActiveCfg = Debug|Win32
		{08994039-D556-4FC1-8AC1-1BB9AF9D199F}.Debug|x86.Build.0 = Debug|Win32
		{08994039-D556-4FC1-8AC1-1BB9AF9D199F}.Release|x64.ActiveCfg = Release|x64
		{08994039-D556-4FC1-8AC1-1BB9AF9D199F}.Release|x64.Build.0 = Release|x64
		{08994039-D556-4FC1-8AC1-1BB9AF9D199F}.Release|x86.ActiveCfg = Release|Win32
		{08994039-D556-4FC1-8AC1-1BB9AF9D199F}.Release|x86.Build.0 = Release|Win32
	EndGlobalSection
	GlobalSection(SolutionProperties) = preSolution
		HideSolutionNode = FALSE
	EndGlobalSection
	GlobalSection(ExtensibilityGlobals) = postSolution
		SolutionGuid = {75AC24C1-841D-424F-8D56-EC6324F9901E}
	EndGlobalSection
EndGlobal
