
Microsoft Visual Studio Solution File, Format Version 12.00
# Visual Studio Version 16
VisualStudioVersion = 16.0.30621.155
MinimumVisualStudioVersion = 10.0.40219.1
Project("{8BC9CEB8-8B4A-11D0-8D11-00A0C91BC942}") = "DD_project_7.2", "DD_project_7.2\DD_project_7.2.vcxproj", "{ABAC8A3C-191C-4894-A39D-FB7B836B0ADB}"
EndProject
Global
	GlobalSection(SolutionConfigurationPlatforms) = preSolution
		Debug|x64 = Debug|x64
		Debug|x86 = Debug|x86
		Release|x64 = Release|x64
		Release|x86 = Release|x86
	EndGlobalSection
	GlobalSection(ProjectConfigurationPlatforms) = postSolution
		{ABAC8A3C-191C-4894-A39D-FB7B836B0ADB}.Debug|x64.ActiveCfg = Debug|x64
		{ABAC8A3C-191C-4894-A39D-FB7B836B0ADB}.Debug|x64.Build.0 = Debug|x64
		{ABAC8A3C-191C-4894-A39D-FB7B836B0ADB}.Debug|x86.ActiveCfg = Debug|Win32
		{ABAC8A3C-191C-4894-A39D-FB7B836B0ADB}.Debug|x86.Build.0 = Debug|Win32
		{ABAC8A3C-191C-4894-A39D-FB7B836B0ADB}.Release|x64.ActiveCfg = Release|x64
		{ABAC8A3C-191C-4894-A39D-FB7B836B0ADB}.Release|x64.Build.0 = Release|x64
		{ABAC8A3C-191C-4894-A39D-FB7B836B0ADB}.Release|x86.ActiveCfg = Release|Win32
		{ABAC8A3C-191C-4894-A39D-FB7B836B0ADB}.Release|x86.Build.0 = Release|Win32
	EndGlobalSection
	GlobalSection(SolutionProperties) = preSolution
		HideSolutionNode = FALSE
	EndGlobalSection
	GlobalSection(ExtensibilityGlobals) = postSolution
		SolutionGuid = {462B2BEF-9E75-409F-BA19-4D548FF8CE7B}
	EndGlobalSection
EndGlobal
